<?xml version="1.0" encoding="utf-8"?>
<Project ToolsVersion="4.0" xmlns="http://schemas.microsoft.com/developer/msbuild/2003">
  <ItemGroup>
    <ClCompile Include="stdafx.cpp" />
    <ClCompile Include="TestCalls.cpp" />
    <ClCompile Include="TestCallsT.cpp" />
    <ClCompile Include="TestModifiesP.cpp" />
    <ClCompile Include="TestModifiesS.cpp" />
    <ClCompile Include="TestUsesP.cpp" />
    <ClCompile Include="TestUsesS.cpp" />
    <ClCompile Include="TestCalls.cpp" />
    <ClCompile Include="TestCallsT.cpp" />
    <ClCompile Include="TestModifiesP.cpp" />
    <ClCompile Include="TestModifiesS.cpp" />
    <ClCompile Include="TestUsesP.cpp" />
    <ClCompile Include="TestUsesS.cpp" />
    <ClCompile Include="TestCFG.cpp" />
    <ClCompile Include="TestCFG.cpp" />
    <ClCompile Include="Common\TestLexer.cpp">
      <Filter>Common</Filter>
    </ClCompile>
    <ClCompile Include="SP\TestASTValidator.cpp">
      <Filter>SP</Filter>
    </ClCompile>
    <ClCompile Include="SP\TestCFG.cpp">
      <Filter>SP</Filter>
    </ClCompile>
    <ClCompile Include="SP\TestDesignExtractor.cpp">
      <Filter>SP</Filter>
    </ClCompile>
    <ClCompile Include="SP\TestParser.cpp">
      <Filter>SP</Filter>
    </ClCompile>
    <ClCompile Include="SP\TestSourceASTNode.cpp">
      <Filter>SP</Filter>
    </ClCompile>
    <ClCompile Include="QPS\TestAffectsInstruction.cpp">
      <Filter>QPS</Filter>
    </ClCompile>
    <ClCompile Include="QPS\TestAffectsProcessor.cpp">
      <Filter>QPS</Filter>
    </ClCompile>
    <ClCompile Include="QPS\TestAffectsTInstruction.cpp">
      <Filter>QPS</Filter>
    </ClCompile>
    <ClCompile Include="QPS\TestAffectsTProcessor.cpp">
      <Filter>QPS</Filter>
    </ClCompile>
    <ClCompile Include="QPS\TestCacheStorage.cpp">
      <Filter>QPS</Filter>
    </ClCompile>
    <ClCompile Include="QPS\TestCallsInstruction.cpp">
      <Filter>QPS</Filter>
    </ClCompile>
    <ClCompile Include="QPS\TestCallsTInstruction.cpp">
      <Filter>QPS</Filter>
    </ClCompile>
    <ClCompile Include="QPS\TestEvaluatedTable.cpp">
      <Filter>QPS</Filter>
    </ClCompile>
    <ClCompile Include="QPS\TestFollowsInstruction.cpp">
      <Filter>QPS</Filter>
    </ClCompile>
    <ClCompile Include="QPS\TestFollowsTInstruction.cpp">
      <Filter>QPS</Filter>
    </ClCompile>
    <ClCompile Include="QPS\TestGetAllInstruction.cpp">
      <Filter>QPS</Filter>
    </ClCompile>
    <ClCompile Include="QPS\TestModifiesPInstruction.cpp">
      <Filter>QPS</Filter>
    </ClCompile>
    <ClCompile Include="QPS\TestModifiesSInstruction.cpp">
      <Filter>QPS</Filter>
    </ClCompile>
    <ClCompile Include="QPS\TestNextInstruction.cpp">
      <Filter>QPS</Filter>
    </ClCompile>
    <ClCompile Include="QPS\TestNextTInstruction.cpp">
      <Filter>QPS</Filter>
    </ClCompile>
    <ClCompile Include="QPS\TestNextTProcessor.cpp">
      <Filter>QPS</Filter>
    </ClCompile>
    <ClCompile Include="QPS\TestParentInstruction.cpp">
      <Filter>QPS</Filter>
    </ClCompile>
    <ClCompile Include="QPS\TestParentTInstruction.cpp">
      <Filter>QPS</Filter>
    </ClCompile>
    <ClCompile Include="QPS\TestPatternAInstruction.cpp">
      <Filter>QPS</Filter>
    </ClCompile>
    <ClCompile Include="QPS\TestPatternWInstruction.cpp">
      <Filter>QPS</Filter>
    </ClCompile>
    <ClCompile Include="QPS\TestPQLEvaluator.cpp">
      <Filter>QPS</Filter>
    </ClCompile>
    <ClCompile Include="QPS\TestPQLParser.cpp">
      <Filter>QPS</Filter>
    </ClCompile>
    <ClCompile Include="QPS\TestPQLResultProjector.cpp">
      <Filter>QPS</Filter>
    </ClCompile>
    <ClCompile Include="QPS\TestUsesPInstruction.cpp">
      <Filter>QPS</Filter>
    </ClCompile>
    <ClCompile Include="QPS\TestUsesSInstruction.cpp">
      <Filter>QPS</Filter>
    </ClCompile>
    <ClCompile Include="QPS\TestWithInstruction.cpp">
      <Filter>QPS</Filter>
    </ClCompile>
    <ClCompile Include="PKB\TestAttribute.cpp">
      <Filter>PKB</Filter>
    </ClCompile>
    <ClCompile Include="PKB\TestBidirectionalIndexTable.cpp">
      <Filter>PKB</Filter>
    </ClCompile>
    <ClCompile Include="PKB\TestBidirectionalTableOneWaySet.cpp">
      <Filter>PKB</Filter>
    </ClCompile>
    <ClCompile Include="PKB\TestBidirectionalTableTwoWaySet.cpp">
      <Filter>PKB</Filter>
    </ClCompile>
    <ClCompile Include="PKB\TestCalls.cpp">
      <Filter>PKB</Filter>
    </ClCompile>
    <ClCompile Include="PKB\TestCallsT.cpp">
      <Filter>PKB</Filter>
    </ClCompile>
    <ClCompile Include="PKB\TestConstant.cpp">
      <Filter>PKB</Filter>
    </ClCompile>
    <ClCompile Include="PKB\TestExpressionProcessor.cpp">
      <Filter>PKB</Filter>
    </ClCompile>
    <ClCompile Include="PKB\TestFollows.cpp">
      <Filter>PKB</Filter>
    </ClCompile>
    <ClCompile Include="PKB\TestFollowsT.cpp">
      <Filter>PKB</Filter>
    </ClCompile>
    <ClCompile Include="PKB\TestModifiesP.cpp">
      <Filter>PKB</Filter>
    </ClCompile>
    <ClCompile Include="PKB\TestModifiesS.cpp">
      <Filter>PKB</Filter>
    </ClCompile>
    <ClCompile Include="PKB\TestNext.cpp">
      <Filter>PKB</Filter>
    </ClCompile>
    <ClCompile Include="PKB\TestParent.cpp">
      <Filter>PKB</Filter>
    </ClCompile>
    <ClCompile Include="PKB\TestParentT.cpp">
      <Filter>PKB</Filter>
    </ClCompile>
    <ClCompile Include="PKB\TestPatternAssign.cpp">
      <Filter>PKB</Filter>
    </ClCompile>
    <ClCompile Include="PKB\TestPatternIf.cpp">
      <Filter>PKB</Filter>
    </ClCompile>
    <ClCompile Include="PKB\TestPatternWhile.cpp">
      <Filter>PKB</Filter>
    </ClCompile>
    <ClCompile Include="PKB\TestProcedure.cpp">
      <Filter>PKB</Filter>
    </ClCompile>
    <ClCompile Include="PKB\TestProcedureStatementMapper.cpp">
      <Filter>PKB</Filter>
    </ClCompile>
    <ClCompile Include="PKB\TestStatement.cpp">
      <Filter>PKB</Filter>
    </ClCompile>
    <ClCompile Include="PKB\TestUsesP.cpp">
      <Filter>PKB</Filter>
    </ClCompile>
    <ClCompile Include="PKB\TestUsesS.cpp">
      <Filter>PKB</Filter>
    </ClCompile>
    <ClCompile Include="PKB\TestVariable.cpp">
      <Filter>PKB</Filter>
    </ClCompile>
    <ClCompile Include="QPS\TestPatternIInstruction.cpp">
      <Filter>QPS</Filter>
    </ClCompile>
  </ItemGroup>
  <ItemGroup>
    <ClInclude Include="stdafx.h" />
    <ClInclude Include="targetver.h" />
  </ItemGroup>
  <ItemGroup>
    <Filter Include="PKB">
      <UniqueIdentifier>{43f8c2b9-18b4-49a6-b5f1-659ad8092f25}</UniqueIdentifier>
    </Filter>
    <Filter Include="QPS">
      <UniqueIdentifier>{615b3561-ee5b-498e-90fe-57c4d2b37349}</UniqueIdentifier>
    </Filter>
    <Filter Include="Common">
      <UniqueIdentifier>{46403e36-5992-470f-933c-4da38dca6a07}</UniqueIdentifier>
    </Filter>
    <Filter Include="SP">
      <UniqueIdentifier>{e64359f2-5a26-41b9-aaee-a84ec44f59c7}</UniqueIdentifier>
    </Filter>
  </ItemGroup>
</Project>