<?xml version="1.0" encoding="utf-8"?>
<Project ToolsVersion="4.0" xmlns="http://schemas.microsoft.com/developer/msbuild/2003">
  <ItemGroup>
    <ClCompile Include="..\source\QPS-NEW\PQLEvaluator.cpp">
      <Filter>QPS-new</Filter>
    </ClCompile>
    <ClCompile Include="..\source\QPS-NEW\PQLLexer.cpp">
      <Filter>QPS-new</Filter>
    </ClCompile>
    <ClCompile Include="..\source\QPS-NEW\PQLParser.cpp">
      <Filter>QPS-new</Filter>
    </ClCompile>
    <ClCompile Include="..\source\QPS-NEW\PQLResultProjector.cpp">
      <Filter>QPS-new</Filter>
    </ClCompile>
    <ClCompile Include="..\source\QPS-NEW\ParsedQuery.cpp">
      <Filter>QPS-new</Filter>
    </ClCompile>
    <ClCompile Include="..\source\QPS-NEW\EvaluatedTable.cpp">
      <Filter>QPS-new</Filter>
    </ClCompile>
    <ClCompile Include="..\source\QPS-NEW\Instruction.cpp">
      <Filter>QPS-new</Filter>
    </ClCompile>
    <ClCompile Include="..\source\PKB\Container.cpp">
      <Filter>Source Files</Filter>
    </ClCompile>
    <ClCompile Include="..\source\SP\DesignExtractor.cpp">
      <Filter>Source Files</Filter>
    </ClCompile>
    <ClCompile Include="..\source\PKB\Entity.cpp">
      <Filter>Source Files</Filter>
    </ClCompile>
    <ClCompile Include="..\source\PKB\ExpressionProcessor.cpp">
      <Filter>Source Files</Filter>
    </ClCompile>
    <ClCompile Include="..\source\PKB\Follows.cpp">
      <Filter>Source Files</Filter>
    </ClCompile>
    <ClCompile Include="..\source\PKB\FollowsT.cpp">
      <Filter>Source Files</Filter>
    </ClCompile>
    <ClCompile Include="..\source\common\Lexer.cpp">
      <Filter>Source Files</Filter>
    </ClCompile>
    <ClCompile Include="..\source\PKB\Modifies.cpp">
      <Filter>Source Files</Filter>
    </ClCompile>
    <ClCompile Include="..\source\PKB\Parent.cpp">
      <Filter>Source Files</Filter>
    </ClCompile>
    <ClCompile Include="..\source\PKB\ParentT.cpp">
      <Filter>Source Files</Filter>
    </ClCompile>
    <ClCompile Include="..\source\SP\Parser.cpp">
      <Filter>Source Files</Filter>
    </ClCompile>
    <ClCompile Include="..\source\PKB\Pattern.cpp">
      <Filter>Source Files</Filter>
    </ClCompile>
    <ClCompile Include="..\source\PKB\PKB.cpp">
      <Filter>Source Files</Filter>
    </ClCompile>
    <ClCompile Include="..\source\QPS-NEW\QPSCommons.cpp">
      <Filter>Source Files</Filter>
    </ClCompile>
    <ClCompile Include="..\source\PKB\RS1.cpp">
      <Filter>Source Files</Filter>
    </ClCompile>
    <ClCompile Include="..\source\PKB\RS2.cpp">
      <Filter>Source Files</Filter>
    </ClCompile>
    <ClCompile Include="..\source\SP\SourceAST.cpp">
      <Filter>Source Files</Filter>
    </ClCompile>
    <ClCompile Include="..\source\SP\SourceASTNode.cpp">
      <Filter>Source Files</Filter>
    </ClCompile>
    <ClCompile Include="..\source\Exception\SPAException.cpp">
      <Filter>Source Files</Filter>
    </ClCompile>
    <ClCompile Include="..\source\PKB\Uses.cpp">
      <Filter>Source Files</Filter>
    </ClCompile>
  </ItemGroup>
  <ItemGroup>
    <ClInclude Include="..\source\QPS-NEW\PQLParser.h">
      <Filter>QPS-new</Filter>
    </ClInclude>
    <ClInclude Include="..\source\QPS-NEW\PQLResultProjector.h">
      <Filter>QPS-new</Filter>
    </ClInclude>
    <ClInclude Include="..\source\QPS-NEW\PQLEvaluator.h">
      <Filter>QPS-new</Filter>
    </ClInclude>
    <ClInclude Include="..\source\QPS-NEW\PQLLexer.h">
      <Filter>QPS-new</Filter>
    </ClInclude>
    <ClInclude Include="..\source\QPS-NEW\ParsedQuery.h">
      <Filter>QPS-new</Filter>
    </ClInclude>
    <ClInclude Include="..\source\QPS-NEW\QPSCommons.h">
      <Filter>QPS-new</Filter>
    </ClInclude>
    <ClInclude Include="..\source\QPS-NEW\EvaluatedTable.h">
      <Filter>QPS-new</Filter>
    </ClInclude>
    <ClInclude Include="..\source\QPS-NEW\Instruction.h">
      <Filter>QPS-new</Filter>
    </ClInclude>
    <ClInclude Include="..\source\PKB\Container.h">
      <Filter>Header Files</Filter>
    </ClInclude>
    <ClInclude Include="..\source\SP\DesignExtractor.h">
      <Filter>Header Files</Filter>
    </ClInclude>
    <ClInclude Include="..\source\PKB\Entity.h">
      <Filter>Header Files</Filter>
    </ClInclude>
    <ClInclude Include="..\source\PKB\ExpressionProcessor.h">
      <Filter>Header Files</Filter>
    </ClInclude>
    <ClInclude Include="..\source\PKB\Follows.h">
      <Filter>Header Files</Filter>
    </ClInclude>
    <ClInclude Include="..\source\PKB\FollowsT.h">
      <Filter>Header Files</Filter>
    </ClInclude>
    <ClInclude Include="..\source\common\Lexer.h">
      <Filter>Header Files</Filter>
    </ClInclude>
    <ClInclude Include="..\source\PKB\Modifies.h">
      <Filter>Header Files</Filter>
    </ClInclude>
    <ClInclude Include="..\source\PKB\Parent.h">
      <Filter>Header Files</Filter>
    </ClInclude>
    <ClInclude Include="..\source\PKB\ParentT.h">
      <Filter>Header Files</Filter>
    </ClInclude>
    <ClInclude Include="..\source\SP\Parser.h">
      <Filter>Header Files</Filter>
    </ClInclude>
    <ClInclude Include="..\source\PKB\Pattern.h">
      <Filter>Header Files</Filter>
    </ClInclude>
    <ClInclude Include="..\source\PKB\PKB.h">
      <Filter>Header Files</Filter>
    </ClInclude>
    <ClInclude Include="..\source\PKB\RS1.h">
      <Filter>Header Files</Filter>
    </ClInclude>
    <ClInclude Include="..\source\PKB\RS2.h">
      <Filter>Header Files</Filter>
    </ClInclude>
    <ClInclude Include="..\source\PKB\RS2T.h">
      <Filter>Header Files</Filter>
    </ClInclude>
    <ClInclude Include="..\source\SP\SourceAST.h">
      <Filter>Header Files</Filter>
    </ClInclude>
    <ClInclude Include="..\source\SP\SourceASTNode.h">
      <Filter>Header Files</Filter>
    </ClInclude>
    <ClInclude Include="..\source\Exception\SPAException.h">
      <Filter>Header Files</Filter>
    </ClInclude>
    <ClInclude Include="..\source\common\Types.h">
      <Filter>Header Files</Filter>
    </ClInclude>
    <ClInclude Include="..\source\PKB\Uses.h">
      <Filter>Header Files</Filter>
    </ClInclude>
  </ItemGroup>
  <ItemGroup>
    <Filter Include="QPS-new">
      <UniqueIdentifier>{fdecaacc-08f5-4833-95a3-991db0b790ae}</UniqueIdentifier>
    </Filter>
    <Filter Include="Header Files">
      <UniqueIdentifier>{c2227bfa-624d-4e52-a54d-a6790d34f513}</UniqueIdentifier>
    </Filter>
    <Filter Include="Source Files">
      <UniqueIdentifier>{0fbb8c7d-9cad-4713-8945-ae73c1c9e3f7}</UniqueIdentifier>
    </Filter>
  </ItemGroup>
</Project>