<?xml version="1.0" encoding="utf-8"?>
<Project ToolsVersion="4.0" xmlns="http://schemas.microsoft.com/developer/msbuild/2003">
  <ItemGroup>
    <ClCompile Include="..\source\SP\ASTValidator.cpp">
      <Filter>Source Files</Filter>
    </ClCompile>
    <ClCompile Include="..\source\PKB\Attribute.cpp">
      <Filter>Source Files</Filter>
    </ClCompile>
    <ClCompile Include="..\source\SP\CFG.cpp">
      <Filter>Source Files</Filter>
    </ClCompile>
    <ClCompile Include="..\source\SP\CFGNode.cpp">
      <Filter>Source Files</Filter>
    </ClCompile>
    <ClCompile Include="..\source\Common\Common.cpp">
      <Filter>Source Files</Filter>
    </ClCompile>
    <ClCompile Include="..\source\PKB\Container.cpp">
      <Filter>Source Files</Filter>
    </ClCompile>
    <ClCompile Include="..\source\SP\DesignExtractor.cpp">
      <Filter>Source Files</Filter>
    </ClCompile>
    <ClCompile Include="..\source\PKB\Entity.cpp">
      <Filter>Source Files</Filter>
    </ClCompile>
    <ClCompile Include="..\source\Common\ExpressionParser.cpp">
      <Filter>Source Files</Filter>
    </ClCompile>
    <ClCompile Include="..\source\PKB\ExpressionProcessor.cpp">
      <Filter>Source Files</Filter>
    </ClCompile>
    <ClCompile Include="..\source\Common\ExprNode.cpp">
      <Filter>Source Files</Filter>
    </ClCompile>
    <ClCompile Include="..\source\Common\Lexer.cpp">
      <Filter>Source Files</Filter>
    </ClCompile>
    <ClCompile Include="..\source\SP\Parser.cpp">
      <Filter>Source Files</Filter>
    </ClCompile>
    <ClCompile Include="..\source\PKB\Pattern.cpp">
      <Filter>Source Files</Filter>
    </ClCompile>
    <ClCompile Include="..\source\PKB\PKBCFG.cpp">
      <Filter>Source Files</Filter>
    </ClCompile>
    <ClCompile Include="..\source\SP\SourceAST.cpp">
      <Filter>Source Files</Filter>
    </ClCompile>
    <ClCompile Include="..\source\SP\SourceASTNode.cpp">
      <Filter>Source Files</Filter>
    </ClCompile>
    <ClCompile Include="..\source\Exception\SPAException.cpp">
      <Filter>Source Files</Filter>
    </ClCompile>
    <ClCompile Include="..\source\PKB\TransitivePopulator.cpp">
      <Filter>Source Files</Filter>
    </ClCompile>
    <ClCompile Include="..\source\QPS\Clause.cpp">
      <Filter>Source Files\QPS</Filter>
    </ClCompile>
    <ClCompile Include="..\source\QPS\EvaluatedTable.cpp">
      <Filter>Source Files\QPS</Filter>
    </ClCompile>
    <ClCompile Include="..\source\QPS\GetAllInstruction.cpp">
      <Filter>Source Files\QPS</Filter>
    </ClCompile>
    <ClCompile Include="..\source\QPS\ModifiesInstruction.cpp">
      <Filter>Source Files\QPS</Filter>
    </ClCompile>
    <ClCompile Include="..\source\QPS\ParsedPattern.cpp">
      <Filter>Source Files\QPS</Filter>
    </ClCompile>
    <ClCompile Include="..\source\QPS\ParsedQuery.cpp">
      <Filter>Source Files\QPS</Filter>
    </ClCompile>
    <ClCompile Include="..\source\QPS\ParsedRelationship.cpp">
      <Filter>Source Files\QPS</Filter>
    </ClCompile>
    <ClCompile Include="..\source\QPS\ParsedWith.cpp">
      <Filter>Source Files\QPS</Filter>
    </ClCompile>
    <ClCompile Include="..\source\QPS\PatternInstruction.cpp">
      <Filter>Source Files\QPS</Filter>
    </ClCompile>
    <ClCompile Include="..\source\QPS\PQLEvaluator.cpp">
      <Filter>Source Files\QPS</Filter>
    </ClCompile>
    <ClCompile Include="..\source\QPS\PQLParser.cpp">
      <Filter>Source Files\QPS</Filter>
    </ClCompile>
    <ClCompile Include="..\source\QPS\PQLResultProjector.cpp">
      <Filter>Source Files\QPS</Filter>
    </ClCompile>
    <ClCompile Include="..\source\QPS\QPSCommons.cpp">
      <Filter>Source Files\QPS</Filter>
    </ClCompile>
    <ClCompile Include="..\source\QPS\RelationshipInstruction.cpp">
      <Filter>Source Files\QPS</Filter>
    </ClCompile>
    <ClCompile Include="..\source\QPS\UsesInstruction.cpp">
      <Filter>Source Files\QPS</Filter>
    </ClCompile>
    <ClCompile Include="..\source\QPS\WithInstruction.cpp">
      <Filter>Source Files\QPS</Filter>
    </ClCompile>
    <ClCompile Include="..\source\QPS\ParentInstruction.cpp" />
    <ClCompile Include="..\source\QPS\ParentStarInstruction.cpp">
      <Filter>Source Files\QPS</Filter>
    </ClCompile>
    <ClCompile Include="..\source\QPS\FollowsInstruction.cpp">
      <Filter>Source Files\QPS</Filter>
    </ClCompile>
    <ClCompile Include="..\source\QPS\FollowsStarInstruction.cpp">
      <Filter>Source Files\QPS</Filter>
    </ClCompile>
    <ClCompile Include="..\source\QPS\CallsInstruction.cpp">
      <Filter>Source Files\QPS</Filter>
    </ClCompile>
  </ItemGroup>
  <ItemGroup>
    <ClInclude Include="..\source\SP\ASTValidator.h">
      <Filter>Header Files</Filter>
    </ClInclude>
    <ClInclude Include="..\source\PKB\Attribute.h">
      <Filter>Header Files</Filter>
    </ClInclude>
    <ClInclude Include="..\source\PKB\Calls.h">
      <Filter>Header Files</Filter>
    </ClInclude>
    <ClInclude Include="..\source\PKB\CallsT.h">
      <Filter>Header Files</Filter>
    </ClInclude>
    <ClInclude Include="..\source\SP\CFG.h">
      <Filter>Header Files</Filter>
    </ClInclude>
    <ClInclude Include="..\source\SP\CFGNode.h">
      <Filter>Header Files</Filter>
    </ClInclude>
    <ClInclude Include="..\source\Common\Common.h">
      <Filter>Header Files</Filter>
    </ClInclude>
    <ClInclude Include="..\source\PKB\Container.h">
      <Filter>Header Files</Filter>
    </ClInclude>
    <ClInclude Include="..\source\SP\DesignExtractor.h">
      <Filter>Header Files</Filter>
    </ClInclude>
    <ClInclude Include="..\source\PKB\Entity.h">
      <Filter>Header Files</Filter>
    </ClInclude>
    <ClInclude Include="..\source\Common\ExpressionParser.h">
      <Filter>Header Files</Filter>
    </ClInclude>
    <ClInclude Include="..\source\PKB\ExpressionProcessor.h">
      <Filter>Header Files</Filter>
    </ClInclude>
    <ClInclude Include="..\source\Common\ExprNode.h">
      <Filter>Header Files</Filter>
    </ClInclude>
    <ClInclude Include="..\source\PKB\FollowsT.h">
      <Filter>Header Files</Filter>
    </ClInclude>
    <ClInclude Include="..\source\Common\Lexer.h">
      <Filter>Header Files</Filter>
    </ClInclude>
    <ClInclude Include="..\source\PKB\ModifiesP.h">
      <Filter>Header Files</Filter>
    </ClInclude>
    <ClInclude Include="..\source\PKB\Follows.h">
      <Filter>Header Files</Filter>
    </ClInclude>
    <ClInclude Include="..\source\PKB\ModifiesS.h">
      <Filter>Header Files</Filter>
    </ClInclude>
    <ClInclude Include="..\source\PKB\Next.h">
      <Filter>Header Files</Filter>
    </ClInclude>
    <ClInclude Include="..\source\PKB\Parent.h">
      <Filter>Header Files</Filter>
    </ClInclude>
    <ClInclude Include="..\source\PKB\ParentT.h">
      <Filter>Header Files</Filter>
    </ClInclude>
    <ClInclude Include="..\source\SP\Parser.h">
      <Filter>Header Files</Filter>
    </ClInclude>
    <ClInclude Include="..\source\PKB\Pattern.h">
      <Filter>Header Files</Filter>
    </ClInclude>
    <ClInclude Include="..\source\PKB\PKBCFG.h">
      <Filter>Header Files</Filter>
    </ClInclude>
    <ClInclude Include="..\source\PKB\RS1.h">
      <Filter>Header Files</Filter>
    </ClInclude>
    <ClInclude Include="..\source\PKB\RS2.h">
      <Filter>Header Files</Filter>
    </ClInclude>
    <ClInclude Include="..\source\PKB\RS2T.h">
      <Filter>Header Files</Filter>
    </ClInclude>
    <ClInclude Include="..\source\SP\SourceAST.h">
      <Filter>Header Files</Filter>
    </ClInclude>
    <ClInclude Include="..\source\SP\SourceASTNode.h">
      <Filter>Header Files</Filter>
    </ClInclude>
    <ClInclude Include="..\source\Exception\SPAException.h">
      <Filter>Header Files</Filter>
    </ClInclude>
    <ClInclude Include="..\source\PKB\TransitivePopulator.h">
      <Filter>Header Files</Filter>
    </ClInclude>
    <ClInclude Include="..\source\Common\Types.h">
      <Filter>Header Files</Filter>
    </ClInclude>
    <ClInclude Include="..\source\PKB\UsesP.h">
      <Filter>Header Files</Filter>
    </ClInclude>
    <ClInclude Include="..\source\PKB\UsesS.h">
      <Filter>Header Files</Filter>
    </ClInclude>
    <ClInclude Include="..\source\QPS\Clause.h">
      <Filter>Header Files\QPS</Filter>
    </ClInclude>
    <ClInclude Include="..\source\QPS\EvaluatedTable.h">
      <Filter>Header Files\QPS</Filter>
    </ClInclude>
    <ClInclude Include="..\source\QPS\GetAllInstruction.h">
      <Filter>Header Files\QPS</Filter>
    </ClInclude>
    <ClInclude Include="..\source\QPS\Instruction.h">
      <Filter>Header Files\QPS</Filter>
    </ClInclude>
    <ClInclude Include="..\source\QPS\ModifiesInstruction.h">
      <Filter>Header Files\QPS</Filter>
    </ClInclude>
    <ClInclude Include="..\source\QPS\ParsedPattern.h">
      <Filter>Header Files\QPS</Filter>
    </ClInclude>
    <ClInclude Include="..\source\QPS\ParsedQuery.h">
      <Filter>Header Files\QPS</Filter>
    </ClInclude>
    <ClInclude Include="..\source\QPS\ParsedRelationship.h">
      <Filter>Header Files\QPS</Filter>
    </ClInclude>
    <ClInclude Include="..\source\QPS\ParsedWith.h">
      <Filter>Header Files\QPS</Filter>
    </ClInclude>
    <ClInclude Include="..\source\QPS\PatternInstruction.h">
      <Filter>Header Files\QPS</Filter>
    </ClInclude>
    <ClInclude Include="..\source\QPS\PQLEvaluator.h">
      <Filter>Header Files\QPS</Filter>
    </ClInclude>
    <ClInclude Include="..\source\QPS\PQLParser.h">
      <Filter>Header Files\QPS</Filter>
    </ClInclude>
    <ClInclude Include="..\source\QPS\PQLResultProjector.h">
      <Filter>Header Files\QPS</Filter>
    </ClInclude>
    <ClInclude Include="..\source\QPS\QPSCommons.h">
      <Filter>Header Files\QPS</Filter>
    </ClInclude>
    <ClInclude Include="..\source\QPS\RelationshipInstruction.h">
      <Filter>Header Files\QPS</Filter>
    </ClInclude>
    <ClInclude Include="..\source\QPS\UsesInstruction.h">
      <Filter>Header Files\QPS</Filter>
    </ClInclude>
    <ClInclude Include="..\source\QPS\WithInstruction.h">
      <Filter>Header Files\QPS</Filter>
    </ClInclude>
    <ClInclude Include="..\source\QPS\ParentInstruction.h" />
    <ClInclude Include="..\source\QPS\ParentStarInstruction.h">
      <Filter>Header Files\QPS</Filter>
    </ClInclude>
    <ClInclude Include="..\source\QPS\FollowsInstruction.h">
      <Filter>Header Files\QPS</Filter>
    </ClInclude>
    <ClInclude Include="..\source\QPS\FollowsStarInstruction.h">
      <Filter>Header Files\QPS</Filter>
    </ClInclude>
    <ClInclude Include="..\source\QPS\CallsInstruction.h">
      <Filter>Header Files\QPS</Filter>
    </ClInclude>
  </ItemGroup>
  <ItemGroup>
    <Filter Include="Header Files">
      <UniqueIdentifier>{b993c2b1-c1b2-46ba-bc4d-0b54586d2bd0}</UniqueIdentifier>
    </Filter>
    <Filter Include="Source Files">
      <UniqueIdentifier>{fd7d43fe-96f4-466a-b366-553e8416e9fe}</UniqueIdentifier>
    </Filter>
    <Filter Include="Header Files\QPS">
      <UniqueIdentifier>{193ffbd2-f0ab-40ab-b8b9-dadaef0b99c7}</UniqueIdentifier>
    </Filter>
    <Filter Include="Source Files\QPS">
      <UniqueIdentifier>{2d909d9f-1e12-4709-9f97-988b6d3e4fa8}</UniqueIdentifier>
    </Filter>
  </ItemGroup>
</Project>